
Microsoft Visual Studio Solution File, Format Version 12.00
# Visual Studio Version 17
VisualStudioVersion = 17.14.36705.20 d17.14
MinimumVisualStudioVersion = 10.0.40219.1
Project("{FAE04EC0-301F-11D3-BF4B-00C04F79EFBC}") = "UneContApp", "UneContApp\UneContApp.csproj", "{03AC5D83-3E55-448B-9F95-25F27D8E5B4D}"
EndProject
Global
	GlobalSection(SolutionConfigurationPlatforms) = preSolution
		Debug|Any CPU = Debug|Any CPU
		Release|Any CPU = Release|Any CPU
	EndGlobalSection
	GlobalSection(ProjectConfigurationPlatforms) = postSolution
		{03AC5D83-3E55-448B-9F95-25F27D8E5B4D}.Debug|Any CPU.ActiveCfg = Debug|Any CPU
		{03AC5D83-3E55-448B-9F95-25F27D8E5B4D}.Debug|Any CPU.Build.0 = Debug|Any CPU
		{03AC5D83-3E55-448B-9F95-25F27D8E5B4D}.Release|Any CPU.ActiveCfg = Release|Any CPU
		{03AC5D83-3E55-448B-9F95-25F27D8E5B4D}.Release|Any CPU.Build.0 = Release|Any CPU
	EndGlobalSection
	GlobalSection(SolutionProperties) = preSolution
		HideSolutionNode = FALSE
	EndGlobalSection
	GlobalSection(ExtensibilityGlobals) = postSolution
		SolutionGuid = {88A17E86-5731-4D7B-8733-7FDDAE74B956}
	EndGlobalSection
EndGlobal
